# THIS IS AN AUTOGENERATED FILE. DO NOT EDIT THIS FILE DIRECTLY.
# yarn lockfile v1


"@types/aws-lambda@^8.10.92":
  version "8.10.126"
  resolved "https://registry.npmmirror.com/@types/aws-lambda/-/aws-lambda-8.10.126.tgz#be132de6e68353e240c88505940e67cd95d3066e"
  integrity sha512-5eh4ffLdGYgGYI1Xr6W5L4IVse4RR7L2ns5OVUXA52nW5GFapIcGMcCzHAIMMOdpcQs3aGVxbvFlJNZH6IpgEQ==
